PODS:
  - MKRingProgressView (2.3.0)
  - SnapKit (5.0.1)

DEPENDENCIES:
  - MKRingProgressView
  - SnapKit (~> 5.0.0)

SPEC REPOS:
  trunk:
    - MKRingProgressView
    - SnapKit

SPEC CHECKSUMS:
  MKRingProgressView: f534209b9a1edc0beb2ea613e6b953ea2195b565
  SnapKit: 97b92857e3df3a0c71833cce143274bf6ef8e5eb

PODFILE CHECKSUM: 30283e3aea70c98272d76fd6bce1ac0ea2c6a850

COCOAPODS: 1.11.3
